
Microsoft Visual Studio Solution File, Format Version 12.00
# Visual Studio 15
VisualStudioVersion = 15.0.27130.2036
MinimumVisualStudioVersion = 10.0.40219.1
Project("{FAE04EC0-301F-11D3-BF4B-00C04F79EFBC}") = "ClientApplicationMVC", "ClientApplicationMVC\ClientApplicationMVC.csproj", "{AC8E11E0-0720-4B9C-AB77-A86B1D3A7A3F}"
EndProject
Project("{FAE04EC0-301F-11D3-BF4B-00C04F79EFBC}") = "Messages", "Messages\Messages.csproj", "{173B901E-4AB1-49F7-B46E-7817D2E7E688}"
EndProject
Project("{FAE04EC0-301F-11D3-BF4B-00C04F79EFBC}") = "EchoService", "EchoService\EchoService.csproj", "{8FDB1A7D-23F2-4422-9560-5352C55EEB88}"
EndProject
Project("{FAE04EC0-301F-11D3-BF4B-00C04F79EFBC}") = "AuthenticationService", "AuthenticationService\AuthenticationService.csproj", "{ACEDA561-C03A-41DC-84B0-5E2978C6DF11}"
EndProject
Project("{FAE04EC0-301F-11D3-BF4B-00C04F79EFBC}") = "CompanyListingsService", "CompanyListings\CompanyListingsService.csproj", "{BD6E654D-D1DC-4555-AFC6-C3EF34DC2B52}"
EndProject
Project("{FAE04EC0-301F-11D3-BF4B-00C04F79EFBC}") = "ChatService", "ChatService\ChatService.csproj", "{D49030C4-DAE7-4254-BC95-0A6CD34A50E7}"
EndProject
Global
	GlobalSection(SolutionConfigurationPlatforms) = preSolution
		Debug|Any CPU = Debug|Any CPU
		Release|Any CPU = Release|Any CPU
	EndGlobalSection
	GlobalSection(ProjectConfigurationPlatforms) = postSolution
		{AC8E11E0-0720-4B9C-AB77-A86B1D3A7A3F}.Debug|Any CPU.ActiveCfg = Debug|Any CPU
		{AC8E11E0-0720-4B9C-AB77-A86B1D3A7A3F}.Debug|Any CPU.Build.0 = Debug|Any CPU
		{AC8E11E0-0720-4B9C-AB77-A86B1D3A7A3F}.Release|Any CPU.ActiveCfg = Release|Any CPU
		{AC8E11E0-0720-4B9C-AB77-A86B1D3A7A3F}.Release|Any CPU.Build.0 = Release|Any CPU
		{173B901E-4AB1-49F7-B46E-7817D2E7E688}.Debug|Any CPU.ActiveCfg = Debug|Any CPU
		{173B901E-4AB1-49F7-B46E-7817D2E7E688}.Debug|Any CPU.Build.0 = Debug|Any CPU
		{173B901E-4AB1-49F7-B46E-7817D2E7E688}.Release|Any CPU.ActiveCfg = Release|Any CPU
		{173B901E-4AB1-49F7-B46E-7817D2E7E688}.Release|Any CPU.Build.0 = Release|Any CPU
		{8FDB1A7D-23F2-4422-9560-5352C55EEB88}.Debug|Any CPU.ActiveCfg = Debug|Any CPU
		{8FDB1A7D-23F2-4422-9560-5352C55EEB88}.Debug|Any CPU.Build.0 = Debug|Any CPU
		{8FDB1A7D-23F2-4422-9560-5352C55EEB88}.Release|Any CPU.ActiveCfg = Release|Any CPU
		{8FDB1A7D-23F2-4422-9560-5352C55EEB88}.Release|Any CPU.Build.0 = Release|Any CPU
		{ACEDA561-C03A-41DC-84B0-5E2978C6DF11}.Debug|Any CPU.ActiveCfg = Debug|Any CPU
		{ACEDA561-C03A-41DC-84B0-5E2978C6DF11}.Debug|Any CPU.Build.0 = Debug|Any CPU
		{ACEDA561-C03A-41DC-84B0-5E2978C6DF11}.Release|Any CPU.ActiveCfg = Release|Any CPU
		{ACEDA561-C03A-41DC-84B0-5E2978C6DF11}.Release|Any CPU.Build.0 = Release|Any CPU
		{BD6E654D-D1DC-4555-AFC6-C3EF34DC2B52}.Debug|Any CPU.ActiveCfg = Debug|Any CPU
		{BD6E654D-D1DC-4555-AFC6-C3EF34DC2B52}.Debug|Any CPU.Build.0 = Debug|Any CPU
		{BD6E654D-D1DC-4555-AFC6-C3EF34DC2B52}.Release|Any CPU.ActiveCfg = Release|Any CPU
		{BD6E654D-D1DC-4555-AFC6-C3EF34DC2B52}.Release|Any CPU.Build.0 = Release|Any CPU
		{D49030C4-DAE7-4254-BC95-0A6CD34A50E7}.Debug|Any CPU.ActiveCfg = Debug|Any CPU
		{D49030C4-DAE7-4254-BC95-0A6CD34A50E7}.Debug|Any CPU.Build.0 = Debug|Any CPU
		{D49030C4-DAE7-4254-BC95-0A6CD34A50E7}.Release|Any CPU.ActiveCfg = Release|Any CPU
		{D49030C4-DAE7-4254-BC95-0A6CD34A50E7}.Release|Any CPU.Build.0 = Release|Any CPU
	EndGlobalSection
	GlobalSection(SolutionProperties) = preSolution
		HideSolutionNode = FALSE
	EndGlobalSection
	GlobalSection(ExtensibilityGlobals) = postSolution
		SolutionGuid = {F8EA804A-91BF-4A5E-8348-4A4A90680F58}
	EndGlobalSection
EndGlobal
